
Microsoft Visual Studio Solution File, Format Version 12.00
# Visual Studio Version 16
VisualStudioVersion = 16.0.29306.81
MinimumVisualStudioVersion = 10.0.40219.1
Project("{FAE04EC0-301F-11D3-BF4B-00C04F79EFBC}") = "01_Challenege_Console", "01_Challenege_Console\01_Challenege_Console.csproj", "{A7E830B0-6CE8-4FBC-973A-A58D468B5A57}"
EndProject
Project("{FAE04EC0-301F-11D3-BF4B-00C04F79EFBC}") = "01_Challenge_Repository", "01_Challenge_Repository\01_Challenge_Repository.csproj", "{C78D57F4-6C47-49DE-BD69-9CDB4510B15D}"
EndProject
Project("{FAE04EC0-301F-11D3-BF4B-00C04F79EFBC}") = "01_Challenge_Tests", "01_Challenge_Tests\01_Challenge_Tests.csproj", "{612978DC-6EC7-4F55-BD22-B4810048FEE7}"
EndProject
Project("{FAE04EC0-301F-11D3-BF4B-00C04F79EFBC}") = "02_Challenege_Repository", "02_Challenege_Repository\02_Challenege_Repository.csproj", "{90C94A35-C658-46C5-88B4-06A96436911D}"
EndProject
Project("{FAE04EC0-301F-11D3-BF4B-00C04F79EFBC}") = "02_Challenege_Tests", "02_Challenege_Tests\02_Challenege_Tests.csproj", "{584106C1-C581-4829-A611-6801E51D0412}"
EndProject
Project("{FAE04EC0-301F-11D3-BF4B-00C04F79EFBC}") = "02_ChallenegeConsole", "02_ChallenegeConsole\02_ChallenegeConsole.csproj", "{C24D914A-CCF9-41E5-91E4-A0D41952A686}"
EndProject
Project("{FAE04EC0-301F-11D3-BF4B-00C04F79EFBC}") = "04_Challenge_Repository", "04_Challenge_Repository\04_Challenge_Repository.csproj", "{9742834A-A125-4D3D-B024-B6812D5BB61E}"
EndProject
Project("{FAE04EC0-301F-11D3-BF4B-00C04F79EFBC}") = "04_ChallenegeConsole", "04_ChallenegeConsole\04_ChallenegeConsole.csproj", "{31EA8EFC-E688-4A03-B405-1C8404337A17}"
EndProject
Project("{FAE04EC0-301F-11D3-BF4B-00C04F79EFBC}") = "04_Challenge_Tests", "04_Challenge_Tests\04_Challenge_Tests.csproj", "{E501017C-2288-48A7-BDDE-8ACABB33C8D8}"
EndProject
Global
	GlobalSection(SolutionConfigurationPlatforms) = preSolution
		Debug|Any CPU = Debug|Any CPU
		Release|Any CPU = Release|Any CPU
	EndGlobalSection
	GlobalSection(ProjectConfigurationPlatforms) = postSolution
		{A7E830B0-6CE8-4FBC-973A-A58D468B5A57}.Debug|Any CPU.ActiveCfg = Debug|Any CPU
		{A7E830B0-6CE8-4FBC-973A-A58D468B5A57}.Debug|Any CPU.Build.0 = Debug|Any CPU
		{A7E830B0-6CE8-4FBC-973A-A58D468B5A57}.Release|Any CPU.ActiveCfg = Release|Any CPU
		{A7E830B0-6CE8-4FBC-973A-A58D468B5A57}.Release|Any CPU.Build.0 = Release|Any CPU
		{C78D57F4-6C47-49DE-BD69-9CDB4510B15D}.Debug|Any CPU.ActiveCfg = Debug|Any CPU
		{C78D57F4-6C47-49DE-BD69-9CDB4510B15D}.Debug|Any CPU.Build.0 = Debug|Any CPU
		{C78D57F4-6C47-49DE-BD69-9CDB4510B15D}.Release|Any CPU.ActiveCfg = Release|Any CPU
		{C78D57F4-6C47-49DE-BD69-9CDB4510B15D}.Release|Any CPU.Build.0 = Release|Any CPU
		{612978DC-6EC7-4F55-BD22-B4810048FEE7}.Debug|Any CPU.ActiveCfg = Debug|Any CPU
		{612978DC-6EC7-4F55-BD22-B4810048FEE7}.Debug|Any CPU.Build.0 = Debug|Any CPU
		{612978DC-6EC7-4F55-BD22-B4810048FEE7}.Release|Any CPU.ActiveCfg = Release|Any CPU
		{612978DC-6EC7-4F55-BD22-B4810048FEE7}.Release|Any CPU.Build.0 = Release|Any CPU
		{90C94A35-C658-46C5-88B4-06A96436911D}.Debug|Any CPU.ActiveCfg = Debug|Any CPU
		{90C94A35-C658-46C5-88B4-06A96436911D}.Debug|Any CPU.Build.0 = Debug|Any CPU
		{90C94A35-C658-46C5-88B4-06A96436911D}.Release|Any CPU.ActiveCfg = Release|Any CPU
		{90C94A35-C658-46C5-88B4-06A96436911D}.Release|Any CPU.Build.0 = Release|Any CPU
		{584106C1-C581-4829-A611-6801E51D0412}.Debug|Any CPU.ActiveCfg = Debug|Any CPU
		{584106C1-C581-4829-A611-6801E51D0412}.Debug|Any CPU.Build.0 = Debug|Any CPU
		{584106C1-C581-4829-A611-6801E51D0412}.Release|Any CPU.ActiveCfg = Release|Any CPU
		{584106C1-C581-4829-A611-6801E51D0412}.Release|Any CPU.Build.0 = Release|Any CPU
		{C24D914A-CCF9-41E5-91E4-A0D41952A686}.Debug|Any CPU.ActiveCfg = Debug|Any CPU
		{C24D914A-CCF9-41E5-91E4-A0D41952A686}.Debug|Any CPU.Build.0 = Debug|Any CPU
		{C24D914A-CCF9-41E5-91E4-A0D41952A686}.Release|Any CPU.ActiveCfg = Release|Any CPU
		{C24D914A-CCF9-41E5-91E4-A0D41952A686}.Release|Any CPU.Build.0 = Release|Any CPU
		{9742834A-A125-4D3D-B024-B6812D5BB61E}.Debug|Any CPU.ActiveCfg = Debug|Any CPU
		{9742834A-A125-4D3D-B024-B6812D5BB61E}.Debug|Any CPU.Build.0 = Debug|Any CPU
		{9742834A-A125-4D3D-B024-B6812D5BB61E}.Release|Any CPU.ActiveCfg = Release|Any CPU
		{9742834A-A125-4D3D-B024-B6812D5BB61E}.Release|Any CPU.Build.0 = Release|Any CPU
		{31EA8EFC-E688-4A03-B405-1C8404337A17}.Debug|Any CPU.ActiveCfg = Debug|Any CPU
		{31EA8EFC-E688-4A03-B405-1C8404337A17}.Debug|Any CPU.Build.0 = Debug|Any CPU
		{31EA8EFC-E688-4A03-B405-1C8404337A17}.Release|Any CPU.ActiveCfg = Release|Any CPU
		{31EA8EFC-E688-4A03-B405-1C8404337A17}.Release|Any CPU.Build.0 = Release|Any CPU
		{E501017C-2288-48A7-BDDE-8ACABB33C8D8}.Debug|Any CPU.ActiveCfg = Debug|Any CPU
		{E501017C-2288-48A7-BDDE-8ACABB33C8D8}.Debug|Any CPU.Build.0 = Debug|Any CPU
		{E501017C-2288-48A7-BDDE-8ACABB33C8D8}.Release|Any CPU.ActiveCfg = Release|Any CPU
		{E501017C-2288-48A7-BDDE-8ACABB33C8D8}.Release|Any CPU.Build.0 = Release|Any CPU
	EndGlobalSection
	GlobalSection(SolutionProperties) = preSolution
		HideSolutionNode = FALSE
	EndGlobalSection
	GlobalSection(ExtensibilityGlobals) = postSolution
		SolutionGuid = {D9587AA2-BA98-4A8A-857B-F539F4EB35A7}
	EndGlobalSection
EndGlobal
